
Microsoft Visual Studio Solution File, Format Version 12.00
# Visual Studio Version 17
VisualStudioVersion = 17.13.35931.197 d17.13
MinimumVisualStudioVersion = 10.0.40219.1
Project("{FAE04EC0-301F-11D3-BF4B-00C04F79EFBC}") = "OverallAuthWPF", "OverallAuthWPF\OverallAuthWPF.csproj", "{56C7549A-DE06-491F-A564-AC048FB04249}"
EndProject
Global
	GlobalSection(SolutionConfigurationPlatforms) = preSolution
		Debug|Any CPU = Debug|Any CPU
		Release|Any CPU = Release|Any CPU
	EndGlobalSection
	GlobalSection(ProjectConfigurationPlatforms) = postSolution
		{56C7549A-DE06-491F-A564-AC048FB04249}.Debug|Any CPU.ActiveCfg = Debug|Any CPU
		{56C7549A-DE06-491F-A564-AC048FB04249}.Debug|Any CPU.Build.0 = Debug|Any CPU
		{56C7549A-DE06-491F-A564-AC048FB04249}.Release|Any CPU.ActiveCfg = Release|Any CPU
		{56C7549A-DE06-491F-A564-AC048FB04249}.Release|Any CPU.Build.0 = Release|Any CPU
	EndGlobalSection
	GlobalSection(SolutionProperties) = preSolution
		HideSolutionNode = FALSE
	EndGlobalSection
	GlobalSection(ExtensibilityGlobals) = postSolution
		SolutionGuid = {5BDDCAFF-DBEE-4D82-8B6E-EC4BAF3C2CEF}
	EndGlobalSection
EndGlobal
