
Microsoft Visual Studio Solution File, Format Version 12.00
# Visual Studio Version 17
VisualStudioVersion = 17.13.35931.197
MinimumVisualStudioVersion = 10.0.40219.1
Project("{FAE04EC0-301F-11D3-BF4B-00C04F79EFBC}") = "OverallAuthv1.0", "OverallAuthv1.0\OverallAuthv1.0.csproj", "{CDE0FFC0-C3A2-4E16-8148-30EDB1009EEC}"
EndProject
Project("{2150E333-8FDC-42A3-9474-1A3956D46DE8}") = "Test", "Test", "{02EA681E-C7D8-13C7-8484-4AC65E1B71E8}"
EndProject
Project("{FAE04EC0-301F-11D3-BF4B-00C04F79EFBC}") = "OverallAuthv1.0_TEST", "OverallAuthv1.0_TEST\OverallAuthv1.0_TEST.csproj", "{64206BCE-CB38-413B-A195-2FB8CAFD78C8}"
EndProject
Global
	GlobalSection(SolutionConfigurationPlatforms) = preSolution
		Debug|Any CPU = Debug|Any CPU
		Release|Any CPU = Release|Any CPU
	EndGlobalSection
	GlobalSection(ProjectConfigurationPlatforms) = postSolution
		{CDE0FFC0-C3A2-4E16-8148-30EDB1009EEC}.Debug|Any CPU.ActiveCfg = Debug|Any CPU
		{CDE0FFC0-C3A2-4E16-8148-30EDB1009EEC}.Debug|Any CPU.Build.0 = Debug|Any CPU
		{CDE0FFC0-C3A2-4E16-8148-30EDB1009EEC}.Release|Any CPU.ActiveCfg = Release|Any CPU
		{CDE0FFC0-C3A2-4E16-8148-30EDB1009EEC}.Release|Any CPU.Build.0 = Release|Any CPU
		{64206BCE-CB38-413B-A195-2FB8CAFD78C8}.Debug|Any CPU.ActiveCfg = Debug|Any CPU
		{64206BCE-CB38-413B-A195-2FB8CAFD78C8}.Debug|Any CPU.Build.0 = Debug|Any CPU
		{64206BCE-CB38-413B-A195-2FB8CAFD78C8}.Release|Any CPU.ActiveCfg = Release|Any CPU
		{64206BCE-CB38-413B-A195-2FB8CAFD78C8}.Release|Any CPU.Build.0 = Release|Any CPU
	EndGlobalSection
	GlobalSection(SolutionProperties) = preSolution
		HideSolutionNode = FALSE
	EndGlobalSection
	GlobalSection(NestedProjects) = preSolution
		{64206BCE-CB38-413B-A195-2FB8CAFD78C8} = {02EA681E-C7D8-13C7-8484-4AC65E1B71E8}
	EndGlobalSection
	GlobalSection(ExtensibilityGlobals) = postSolution
		SolutionGuid = {C11A7C2B-A229-4C44-ADE4-048721A60B93}
	EndGlobalSection
EndGlobal
